
Microsoft Visual Studio Solution File, Format Version 12.00
# Visual Studio Version 17
VisualStudioVersion = 17.1.32210.238
MinimumVisualStudioVersion = 10.0.40219.1
Project("{FAE04EC0-301F-11D3-BF4B-00C04F79EFBC}") = "Анализатор текста", "Анализатор текста\Анализатор текста.csproj", "{408BEEA4-FC06-41A7-9C7C-DE2000BD06A8}"
EndProject
Global
	GlobalSection(SolutionConfigurationPlatforms) = preSolution
		Debug|Any CPU = Debug|Any CPU
		Release|Any CPU = Release|Any CPU
	EndGlobalSection
	GlobalSection(ProjectConfigurationPlatforms) = postSolution
		{408BEEA4-FC06-41A7-9C7C-DE2000BD06A8}.Debug|Any CPU.ActiveCfg = Debug|Any CPU
		{408BEEA4-FC06-41A7-9C7C-DE2000BD06A8}.Debug|Any CPU.Build.0 = Debug|Any CPU
		{408BEEA4-FC06-41A7-9C7C-DE2000BD06A8}.Release|Any CPU.ActiveCfg = Release|Any CPU
		{408BEEA4-FC06-41A7-9C7C-DE2000BD06A8}.Release|Any CPU.Build.0 = Release|Any CPU
	EndGlobalSection
	GlobalSection(SolutionProperties) = preSolution
		HideSolutionNode = FALSE
	EndGlobalSection
	GlobalSection(ExtensibilityGlobals) = postSolution
		SolutionGuid = {97E861BD-44FB-45C7-8686-3A7852636493}
	EndGlobalSection
EndGlobal
